
Microsoft Visual Studio Solution File, Format Version 10.00
# Visual Studio 2008
Project("{8BC9CEB8-8B4A-11D0-8D11-00A0C91BC942}") = "colourchanging", "colourchanging\colourchanging.vcproj", "{FEB445D0-1D1F-413E-B8F1-E4E7B5B3776A}"
EndProject
Global
	GlobalSection(SolutionConfigurationPlatforms) = preSolution
		Debug|Win32 = Debug|Win32
		Release|Win32 = Release|Win32
	EndGlobalSection
	GlobalSection(ProjectConfigurationPlatforms) = postSolution
		{FEB445D0-1D1F-413E-B8F1-E4E7B5B3776A}.Debug|Win32.ActiveCfg = Debug|Win32
		{FEB445D0-1D1F-413E-B8F1-E4E7B5B3776A}.Debug|Win32.Build.0 = Debug|Win32
		{FEB445D0-1D1F-413E-B8F1-E4E7B5B3776A}.Release|Win32.ActiveCfg = Release|Win32
		{FEB445D0-1D1F-413E-B8F1-E4E7B5B3776A}.Release|Win32.Build.0 = Release|Win32
	EndGlobalSection
	GlobalSection(SolutionProperties) = preSolution
		HideSolutionNode = FALSE
	EndGlobalSection
EndGlobal
