
Microsoft Visual Studio Solution File, Format Version 10.00
# Visual Studio 2008
Project("{8BC9CEB8-8B4A-11D0-8D11-00A0C91BC942}") = "SWOTSystem", "SWOTSystem\SWOTSystem.vcproj", "{64A285A8-5727-45FD-8616-098D361F2E0F}"
EndProject
Global
	GlobalSection(SolutionConfigurationPlatforms) = preSolution
		Debug|Win32 = Debug|Win32
		Release|Win32 = Release|Win32
	EndGlobalSection
	GlobalSection(ProjectConfigurationPlatforms) = postSolution
		{64A285A8-5727-45FD-8616-098D361F2E0F}.Debug|Win32.ActiveCfg = Debug|Win32
		{64A285A8-5727-45FD-8616-098D361F2E0F}.Debug|Win32.Build.0 = Debug|Win32
		{64A285A8-5727-45FD-8616-098D361F2E0F}.Release|Win32.ActiveCfg = Release|Win32
		{64A285A8-5727-45FD-8616-098D361F2E0F}.Release|Win32.Build.0 = Release|Win32
	EndGlobalSection
	GlobalSection(SolutionProperties) = preSolution
		HideSolutionNode = FALSE
	EndGlobalSection
EndGlobal
