
Microsoft Visual Studio Solution File, Format Version 10.00
# Visual Studio 2008
Project("{8BC9CEB8-8B4A-11D0-8D11-00A0C91BC942}") = "voipdetector", "voipdetector\voipdetector.vcproj", "{76F382FC-CC54-4389-9608-A8C9DC3A2824}"
EndProject
Project("{8BC9CEB8-8B4A-11D0-8D11-00A0C91BC942}") = "copdetectorW", "copdetectorW\copdetectorW.vcproj", "{0A71C0DA-0A75-45A7-8F75-A4EACC5C65DD}"
EndProject
Global
	GlobalSection(SolutionConfigurationPlatforms) = preSolution
		Debug|Win32 = Debug|Win32
		Release|Win32 = Release|Win32
	EndGlobalSection
	GlobalSection(ProjectConfigurationPlatforms) = postSolution
		{76F382FC-CC54-4389-9608-A8C9DC3A2824}.Debug|Win32.ActiveCfg = Debug|Win32
		{76F382FC-CC54-4389-9608-A8C9DC3A2824}.Debug|Win32.Build.0 = Debug|Win32
		{76F382FC-CC54-4389-9608-A8C9DC3A2824}.Release|Win32.ActiveCfg = Release|Win32
		{76F382FC-CC54-4389-9608-A8C9DC3A2824}.Release|Win32.Build.0 = Release|Win32
		{0A71C0DA-0A75-45A7-8F75-A4EACC5C65DD}.Debug|Win32.ActiveCfg = Debug|Win32
		{0A71C0DA-0A75-45A7-8F75-A4EACC5C65DD}.Debug|Win32.Build.0 = Debug|Win32
		{0A71C0DA-0A75-45A7-8F75-A4EACC5C65DD}.Release|Win32.ActiveCfg = Release|Win32
		{0A71C0DA-0A75-45A7-8F75-A4EACC5C65DD}.Release|Win32.Build.0 = Release|Win32
	EndGlobalSection
	GlobalSection(SolutionProperties) = preSolution
		HideSolutionNode = FALSE
	EndGlobalSection
EndGlobal
